<Solution>
  <Project Path="Native/Vision.MultiStream.Native/Vision.MultiStream.Native.vcxproj" Id="8f3a2c71-7b4d-4e96-9c2a-1d5e6f0a9b33" />
  <Project Path="Native/Vision.MultiStream.Cuda/Vision.MultiStream.Cuda.vcxproj" Id="7e3c9a41-1f2b-4c8d-ae60-9d12c0da5901" />
  <Project Path="Vision.MultiStream.Inference/Vision.MultiStream.Inference.csproj" />
</Solution>
